
Microsoft Visual Studio Solution File, Format Version 12.00
# Visual Studio 2015
Project("{FAE04EC0-301F-11D3-BF4B-00C04F79EFBC}") = "rollerball_tutorial.CSharp", "rollerball_tutorial.CSharp.csproj", "{F7CD2294-43B4-4198-D8A7-272D0620E602}"
EndProject
Global
	GlobalSection(SolutionConfigurationPlatforms) = preSolution
		Debug|Any CPU = Debug|Any CPU
		Release|Any CPU = Release|Any CPU
	EndGlobalSection
	GlobalSection(ProjectConfigurationPlatforms) = postSolution
		{F7CD2294-43B4-4198-D8A7-272D0620E602}.Debug|Any CPU.ActiveCfg = Debug|Any CPU
		{F7CD2294-43B4-4198-D8A7-272D0620E602}.Debug|Any CPU.Build.0 = Debug|Any CPU
		{F7CD2294-43B4-4198-D8A7-272D0620E602}.Release|Any CPU.ActiveCfg = Release|Any CPU
		{F7CD2294-43B4-4198-D8A7-272D0620E602}.Release|Any CPU.Build.0 = Release|Any CPU
	EndGlobalSection
	GlobalSection(SolutionProperties) = preSolution
		HideSolutionNode = FALSE
	EndGlobalSection
EndGlobal
